{
  "name": "ikoriko-project",
  "version": "1.0.0",
  "lockfileVersion": 3,
  "requires": true,
  "packages": {
    "": {
      "name": "ikoriko-project",
      "version": "1.0.0",
      "license": "ISC",
      "dependencies": {
        "algoliasearch": "^4.20.0"
      }
    },
    "node_modules/@algolia/cache-browser-local-storage": {
      "version": "4.25.2",
      "resolved": "https://registry.npmjs.org/@algolia/cache-browser-local-storage/-/cache-browser-local-storage-4.25.2.tgz",
      "integrity": "sha512-tA1rqAafI+gUdewjZwyTsZVxesl22MTgLWRKt1+TBiL26NiKx7SjRqTI3pzm8ngx1ftM5LSgXkVIgk2+SRgPTg==",
      "license": "MIT",
      "dependencies": {
        "@algolia/cache-common": "4.25.2"
      }
    },
    "node_modules/@algolia/cache-common": {
      "version": "4.25.2",
      "resolved": "https://registry.npmjs.org/@algolia/cache-common/-/cache-common-4.25.2.tgz",
      "integrity": "sha512-E+aZwwwmhvZXsRA1+8DhH2JJIwugBzHivASTnoq7bmv0nmForLyH7rMG5cOTiDK36DDLnKq1rMGzxWZZ70KZag==",
      "license": "MIT"
    },
    "node_modules/@algolia/cache-in-memory": {
      "version": "4.25.2",
      "resolved": "https://registry.npmjs.org/@algolia/cache-in-memory/-/cache-in-memory-4.25.2.tgz",
      "integrity": "sha512-KYcenhfPKgR+WJ6IEwKVEFMKKCWLZdnYuw08+3Pn1cxAXbJcTIKjoYgEXzEW6gJmDaau2l55qNrZo6MBbX7+sw==",
      "license": "MIT",
      "dependencies": {
        "@algolia/cache-common": "4.25.2"
      }
    },
    "node_modules/@algolia/client-account": {
      "version": "4.25.2",
      "resolved": "https://registry.npmjs.org/@algolia/client-account/-/client-account-4.25.2.tgz",
      "integrity": "sha512-IfRGhBxvjli9mdexrCxX2N4XT9NBN3tvZK5zCaL8zkDcgsthiM9WPvGIZS/pl/FuXB7hA0lE5kqOzsQDP6OmGQ==",
      "license": "MIT",
      "dependencies": {
        "@algolia/client-common": "4.25.2",
        "@algolia/client-search": "4.25.2",
        "@algolia/transporter": "4.25.2"
      }
    },
    "node_modules/@algolia/client-analytics": {
      "version": "4.25.2",
      "resolved": "https://registry.npmjs.org/@algolia/client-analytics/-/client-analytics-4.25.2.tgz",
      "integrity": "sha512-4Yxxhxh+XjXY8zPyo+h6tQuyoJWDBn8E3YLr8j+YAEy5p+r3/5Tp+ANvQ+hNaQXbwZpyf5d4ViYOBjJ8+bWNEg==",
      "license": "MIT",
      "dependencies": {
        "@algolia/client-common": "4.25.2",
        "@algolia/client-search": "4.25.2",
        "@algolia/requester-common": "4.25.2",
        "@algolia/transporter": "4.25.2"
      }
    },
    "node_modules/@algolia/client-common": {
      "version": "4.25.2",
      "resolved": "https://registry.npmjs.org/@algolia/client-common/-/client-common-4.25.2.tgz",
      "integrity": "sha512-HXX8vbJPYW29P18GxciiwaDpQid6UhpPP9nW9WE181uGUgFhyP5zaEkYWf9oYBrjMubrGwXi5YEzJOz6Oa4faA==",
      "license": "MIT",
      "dependencies": {
        "@algolia/requester-common": "4.25.2",
        "@algolia/transporter": "4.25.2"
      }
    },
    "node_modules/@algolia/client-personalization": {
      "version": "4.25.2",
      "resolved": "https://registry.npmjs.org/@algolia/client-personalization/-/client-personalization-4.25.2.tgz",
      "integrity": "sha512-K81PRaHF77mHv2u8foWTHnIf5c+QNf/SnKNM7rB8JPi7TMYi4E5o2mFbgdU1ovd8eg9YMOEAuLkl1Nz1vbM3zQ==",
      "license": "MIT",
      "dependencies": {
        "@algolia/client-common": "4.25.2",
        "@algolia/requester-common": "4.25.2",
        "@algolia/transporter": "4.25.2"
      }
    },
    "node_modules/@algolia/client-search": {
      "version": "4.25.2",
      "resolved": "https://registry.npmjs.org/@algolia/client-search/-/client-search-4.25.2.tgz",
      "integrity": "sha512-pO/LpVnQlbJpcHRk+AroWyyFnh01eOlO6/uLZRUmYvr/hpKZKxI6n7ufgTawbo0KrAu2CePfiOkStYOmDuRjzQ==",
      "license": "MIT",
      "dependencies": {
        "@algolia/client-common": "4.25.2",
        "@algolia/requester-common": "4.25.2",
        "@algolia/transporter": "4.25.2"
      }
    },
    "node_modules/@algolia/logger-common": {
      "version": "4.25.2",
      "resolved": "https://registry.npmjs.org/@algolia/logger-common/-/logger-common-4.25.2.tgz",
      "integrity": "sha512-aUXpcodoIpLPsnVc2OHgC9E156R7yXWLW2l+Zn24Cyepfq3IvmuVckBvJDpp7nPnXkEzeMuvnVxQfQsk+zP/BA==",
      "license": "MIT"
    },
    "node_modules/@algolia/logger-console": {
      "version": "4.25.2",
      "resolved": "https://registry.npmjs.org/@algolia/logger-console/-/logger-console-4.25.2.tgz",
      "integrity": "sha512-H3Y+UB0Ty0htvMJ6zDSufhFTSDlg3Pyj3AXilfDdDRcvfhH4C/cJNVm+CTaGORxL5uKABGsBp+SZjsEMTyAunQ==",
      "license": "MIT",
      "dependencies": {
        "@algolia/logger-common": "4.25.2"
      }
    },
    "node_modules/@algolia/recommend": {
      "version": "4.25.2",
      "resolved": "https://registry.npmjs.org/@algolia/recommend/-/recommend-4.25.2.tgz",
      "integrity": "sha512-puRrGeXwAuVa4mLdvXvmxHRFz9MkcCOLPcjz7MjU4NihlpIa+lZYgikJ7z0SUAaYgd6l5Bh00hXiU/OlX5ffXQ==",
      "license": "MIT",
      "dependencies": {
        "@algolia/cache-browser-local-storage": "4.25.2",
        "@algolia/cache-common": "4.25.2",
        "@algolia/cache-in-memory": "4.25.2",
        "@algolia/client-common": "4.25.2",
        "@algolia/client-search": "4.25.2",
        "@algolia/logger-common": "4.25.2",
        "@algolia/logger-console": "4.25.2",
        "@algolia/requester-browser-xhr": "4.25.2",
        "@algolia/requester-common": "4.25.2",
        "@algolia/requester-node-http": "4.25.2",
        "@algolia/transporter": "4.25.2"
      }
    },
    "node_modules/@algolia/requester-browser-xhr": {
      "version": "4.25.2",
      "resolved": "https://registry.npmjs.org/@algolia/requester-browser-xhr/-/requester-browser-xhr-4.25.2.tgz",
      "integrity": "sha512-aAjfsI0AjWgXLh/xr9eoR8/9HekBkIER3bxGoBf9d1XWMMoTo/q92Da2fewkxwLE6mla95QJ9suJGOtMOewXXQ==",
      "license": "MIT",
      "dependencies": {
        "@algolia/requester-common": "4.25.2"
      }
    },
    "node_modules/@algolia/requester-common": {
      "version": "4.25.2",
      "resolved": "https://registry.npmjs.org/@algolia/requester-common/-/requester-common-4.25.2.tgz",
      "integrity": "sha512-Q4wC3sgY0UFjV3Rb3icRLTpPB5/M44A8IxzJHM9PNeK1T3iX7X/fmz7ATUYQYZTpwHCYATlsQKWiTpql1hHjVg==",
      "license": "MIT"
    },
    "node_modules/@algolia/requester-node-http": {
      "version": "4.25.2",
      "resolved": "https://registry.npmjs.org/@algolia/requester-node-http/-/requester-node-http-4.25.2.tgz",
      "integrity": "sha512-Ja/FYB7W9ZM+m8UrMIlawNUAKpncvb9Mo+D8Jq5WepGTUyQ9CBYLsjwxv9O8wbj3TSWqTInf4uUBJ2FKR8G7xw==",
      "license": "MIT",
      "dependencies": {
        "@algolia/requester-common": "4.25.2"
      }
    },
    "node_modules/@algolia/transporter": {
      "version": "4.25.2",
      "resolved": "https://registry.npmjs.org/@algolia/transporter/-/transporter-4.25.2.tgz",
      "integrity": "sha512-yw3RLHWc6V+pbdsFtq8b6T5bJqLDqnfKWS7nac1Vzcmgvs/V/Lfy7/6iOF9XRilu5aBDOBHoP1SOeIDghguzWw==",
      "license": "MIT",
      "dependencies": {
        "@algolia/cache-common": "4.25.2",
        "@algolia/logger-common": "4.25.2",
        "@algolia/requester-common": "4.25.2"
      }
    },
    "node_modules/algoliasearch": {
      "version": "4.25.2",
      "resolved": "https://registry.npmjs.org/algoliasearch/-/algoliasearch-4.25.2.tgz",
      "integrity": "sha512-lYx98L6kb1VvXypbPI7Z54C4BJB2VT5QvOYthvPq6/POufZj+YdyeZSKjoLBKHJgGmYWQTHOKtcCTdKf98WOCA==",
      "license": "MIT",
      "dependencies": {
        "@algolia/cache-browser-local-storage": "4.25.2",
        "@algolia/cache-common": "4.25.2",
        "@algolia/cache-in-memory": "4.25.2",
        "@algolia/client-account": "4.25.2",
        "@algolia/client-analytics": "4.25.2",
        "@algolia/client-common": "4.25.2",
        "@algolia/client-personalization": "4.25.2",
        "@algolia/client-search": "4.25.2",
        "@algolia/logger-common": "4.25.2",
        "@algolia/logger-console": "4.25.2",
        "@algolia/recommend": "4.25.2",
        "@algolia/requester-browser-xhr": "4.25.2",
        "@algolia/requester-common": "4.25.2",
        "@algolia/requester-node-http": "4.25.2",
        "@algolia/transporter": "4.25.2"
      }
    }
  }
}
